// !$*UTF8*$!
{
	archiveVersion = 1;
	classes = {
	};
	objectVersion = 55;
	objects = {

/* Begin PBXBuildFile section */
		39CF3FB0286E200B00023F86 /* CharacterCell.swift in Sources */ = {isa = PBXBuildFile; fileRef = 39CF3FAF286E200B00023F86 /* CharacterCell.swift */; };
		39CF3FB5286E2F5400023F86 /* ImageCell.swift in Sources */ = {isa = PBXBuildFile; fileRef = 39CF3FB4286E2F5400023F86 /* ImageCell.swift */; };
		39CF3FB8286F051800023F86 /* DetailCharacterUIView.swift in Sources */ = {isa = PBXBuildFile; fileRef = 39CF3FB7286F051800023F86 /* DetailCharacterUIView.swift */; };
		39D3F00A286D58F3004D0FBE /* CharacterSearchApp.swift in Sources */ = {isa = PBXBuildFile; fileRef = 39D3F009286D58F3004D0FBE /* CharacterSearchApp.swift */; };
		39D3F00C286D58F3004D0FBE /* ContentView.swift in Sources */ = {isa = PBXBuildFile; fileRef = 39D3F00B286D58F3004D0FBE /* ContentView.swift */; };
		39D3F00E286D58F5004D0FBE /* Assets.xcassets in Resources */ = {isa = PBXBuildFile; fileRef = 39D3F00D286D58F5004D0FBE /* Assets.xcassets */; };
		39D3F011286D58F5004D0FBE /* Preview Assets.xcassets in Resources */ = {isa = PBXBuildFile; fileRef = 39D3F010286D58F5004D0FBE /* Preview Assets.xcassets */; };
		39D3F019286D6A71004D0FBE /* CharacterModel.swift in Sources */ = {isa = PBXBuildFile; fileRef = 39D3F018286D6A71004D0FBE /* CharacterModel.swift */; };
		39D3F01B286D6B99004D0FBE /* OriginModel.swift in Sources */ = {isa = PBXBuildFile; fileRef = 39D3F01A286D6B99004D0FBE /* OriginModel.swift */; };
		39D3F01D286D6C04004D0FBE /* LocationModel.swift in Sources */ = {isa = PBXBuildFile; fileRef = 39D3F01C286D6C04004D0FBE /* LocationModel.swift */; };
		39D3F01F286E1AAC004D0FBE /* ResponseModel.swift in Sources */ = {isa = PBXBuildFile; fileRef = 39D3F01E286E1AAC004D0FBE /* ResponseModel.swift */; };
		39D3F021286E1B88004D0FBE /* InfoModel.swift in Sources */ = {isa = PBXBuildFile; fileRef = 39D3F020286E1B88004D0FBE /* InfoModel.swift */; };
/* End PBXBuildFile section */

/* Begin PBXFileReference section */
		39CF3FAF286E200B00023F86 /* CharacterCell.swift */ = {isa = PBXFileReference; lastKnownFileType = sourcecode.swift; path = CharacterCell.swift; sourceTree = "<group>"; };
		39CF3FB4286E2F5400023F86 /* ImageCell.swift */ = {isa = PBXFileReference; lastKnownFileType = sourcecode.swift; path = ImageCell.swift; sourceTree = "<group>"; };
		39CF3FB7286F051800023F86 /* DetailCharacterUIView.swift */ = {isa = PBXFileReference; lastKnownFileType = sourcecode.swift; path = DetailCharacterUIView.swift; sourceTree = "<group>"; };
		39D3F006286D58F3004D0FBE /* CharacterSearch.app */ = {isa = PBXFileReference; explicitFileType = wrapper.application; includeInIndex = 0; path = CharacterSearch.app; sourceTree = BUILT_PRODUCTS_DIR; };
		39D3F009286D58F3004D0FBE /* CharacterSearchApp.swift */ = {isa = PBXFileReference; lastKnownFileType = sourcecode.swift; path = CharacterSearchApp.swift; sourceTree = "<group>"; };
		39D3F00B286D58F3004D0FBE /* ContentView.swift */ = {isa = PBXFileReference; lastKnownFileType = sourcecode.swift; path = ContentView.swift; sourceTree = "<group>"; };
		39D3F00D286D58F5004D0FBE /* Assets.xcassets */ = {isa = PBXFileReference; lastKnownFileType = folder.assetcatalog; path = Assets.xcassets; sourceTree = "<group>"; };
		39D3F010286D58F5004D0FBE /* Preview Assets.xcassets */ = {isa = PBXFileReference; lastKnownFileType = folder.assetcatalog; path = "Preview Assets.xcassets"; sourceTree = "<group>"; };
		39D3F018286D6A71004D0FBE /* CharacterModel.swift */ = {isa = PBXFileReference; lastKnownFileType = sourcecode.swift; path = CharacterModel.swift; sourceTree = "<group>"; };
		39D3F01A286D6B99004D0FBE /* OriginModel.swift */ = {isa = PBXFileReference; lastKnownFileType = sourcecode.swift; path = OriginModel.swift; sourceTree = "<group>"; };
		39D3F01C286D6C04004D0FBE /* LocationModel.swift */ = {isa = PBXFileReference; lastKnownFileType = sourcecode.swift; path = LocationModel.swift; sourceTree = "<group>"; };
		39D3F01E286E1AAC004D0FBE /* ResponseModel.swift */ = {isa = PBXFileReference; lastKnownFileType = sourcecode.swift; path = ResponseModel.swift; sourceTree = "<group>"; };
		39D3F020286E1B88004D0FBE /* InfoModel.swift */ = {isa = PBXFileReference; lastKnownFileType = sourcecode.swift; path = InfoModel.swift; sourceTree = "<group>"; };
/* End PBXFileReference section */

/* Begin PBXFrameworksBuildPhase section */
		39D3F003286D58F3004D0FBE /* Frameworks */ = {
			isa = PBXFrameworksBuildPhase;
			buildActionMask = 2147483647;
			files = (
			);
			runOnlyForDeploymentPostprocessing = 0;
		};
/* End PBXFrameworksBuildPhase section */

/* Begin PBXGroup section */
		39CF3FB1286E201A00023F86 /* Components */ = {
			isa = PBXGroup;
			children = (
				39CF3FB3286E2F3A00023F86 /* Image */,
				39CF3FB2286E203000023F86 /* Cell */,
			);
			path = Components;
			sourceTree = "<group>";
		};
		39CF3FB2286E203000023F86 /* Cell */ = {
			isa = PBXGroup;
			children = (
				39CF3FAF286E200B00023F86 /* CharacterCell.swift */,
			);
			path = Cell;
			sourceTree = "<group>";
		};
		39CF3FB3286E2F3A00023F86 /* Image */ = {
			isa = PBXGroup;
			children = (
				39CF3FB4286E2F5400023F86 /* ImageCell.swift */,
			);
			path = Image;
			sourceTree = "<group>";
		};
		39CF3FB6286F04EF00023F86 /* App */ = {
			isa = PBXGroup;
			children = (
				39D3F00B286D58F3004D0FBE /* ContentView.swift */,
				39CF3FB7286F051800023F86 /* DetailCharacterUIView.swift */,
			);
			path = App;
			sourceTree = "<group>";
		};
		39D3EFFD286D58F3004D0FBE = {
			isa = PBXGroup;
			children = (
				39D3F008286D58F3004D0FBE /* CharacterSearch */,
				39D3F007286D58F3004D0FBE /* Products */,
			);
			sourceTree = "<group>";
		};
		39D3F007286D58F3004D0FBE /* Products */ = {
			isa = PBXGroup;
			children = (
				39D3F006286D58F3004D0FBE /* CharacterSearch.app */,
			);
			name = Products;
			sourceTree = "<group>";
		};
		39D3F008286D58F3004D0FBE /* CharacterSearch */ = {
			isa = PBXGroup;
			children = (
				39CF3FB6286F04EF00023F86 /* App */,
				39D3F017286D6A05004D0FBE /* Models */,
				39CF3FB1286E201A00023F86 /* Components */,
				39D3F009286D58F3004D0FBE /* CharacterSearchApp.swift */,
				39D3F00D286D58F5004D0FBE /* Assets.xcassets */,
				39D3F00F286D58F5004D0FBE /* Preview Content */,
			);
			path = CharacterSearch;
			sourceTree = "<group>";
		};
		39D3F00F286D58F5004D0FBE /* Preview Content */ = {
			isa = PBXGroup;
			children = (
				39D3F010286D58F5004D0FBE /* Preview Assets.xcassets */,
			);
			path = "Preview Content";
			sourceTree = "<group>";
		};
		39D3F017286D6A05004D0FBE /* Models */ = {
			isa = PBXGroup;
			children = (
				39D3F018286D6A71004D0FBE /* CharacterModel.swift */,
				39D3F01A286D6B99004D0FBE /* OriginModel.swift */,
				39D3F01C286D6C04004D0FBE /* LocationModel.swift */,
				39D3F01E286E1AAC004D0FBE /* ResponseModel.swift */,
				39D3F020286E1B88004D0FBE /* InfoModel.swift */,
			);
			path = Models;
			sourceTree = "<group>";
		};
/* End PBXGroup section */

/* Begin PBXNativeTarget section */
		39D3F005286D58F3004D0FBE /* CharacterSearch */ = {
			isa = PBXNativeTarget;
			buildConfigurationList = 39D3F014286D58F5004D0FBE /* Build configuration list for PBXNativeTarget "CharacterSearch" */;
			buildPhases = (
				39D3F002286D58F3004D0FBE /* Sources */,
				39D3F003286D58F3004D0FBE /* Frameworks */,
				39D3F004286D58F3004D0FBE /* Resources */,
			);
			buildRules = (
			);
			dependencies = (
			);
			name = CharacterSearch;
			productName = CharacterSearch;
			productReference = 39D3F006286D58F3004D0FBE /* CharacterSearch.app */;
			productType = "com.apple.product-type.application";
		};
/* End PBXNativeTarget section */

/* Begin PBXProject section */
		39D3EFFE286D58F3004D0FBE /* Project object */ = {
			isa = PBXProject;
			attributes = {
				BuildIndependentTargetsInParallel = 1;
				LastSwiftUpdateCheck = 1340;
				LastUpgradeCheck = 1340;
				TargetAttributes = {
					39D3F005286D58F3004D0FBE = {
						CreatedOnToolsVersion = 13.4.1;
					};
				};
			};
			buildConfigurationList = 39D3F001286D58F3004D0FBE /* Build configuration list for PBXProject "CharacterSearch" */;
			compatibilityVersion = "Xcode 13.0";
			developmentRegion = en;
			hasScannedForEncodings = 0;
			knownRegions = (
				en,
				Base,
			);
			mainGroup = 39D3EFFD286D58F3004D0FBE;
			productRefGroup = 39D3F007286D58F3004D0FBE /* Products */;
			projectDirPath = "";
			projectRoot = "";
			targets = (
				39D3F005286D58F3004D0FBE /* CharacterSearch */,
			);
		};
/* End PBXProject section */

/* Begin PBXResourcesBuildPhase section */
		39D3F004286D58F3004D0FBE /* Resources */ = {
			isa = PBXResourcesBuildPhase;
			buildActionMask = 2147483647;
			files = (
				39D3F011286D58F5004D0FBE /* Preview Assets.xcassets in Resources */,
				39D3F00E286D58F5004D0FBE /* Assets.xcassets in Resources */,
			);
			runOnlyForDeploymentPostprocessing = 0;
		};
/* End PBXResourcesBuildPhase section */

/* Begin PBXSourcesBuildPhase section */
		39D3F002286D58F3004D0FBE /* Sources */ = {
			isa = PBXSourcesBuildPhase;
			buildActionMask = 2147483647;
			files = (
				39D3F019286D6A71004D0FBE /* CharacterModel.swift in Sources */,
				39CF3FB8286F051800023F86 /* DetailCharacterUIView.swift in Sources */,
				39D3F00C286D58F3004D0FBE /* ContentView.swift in Sources */,
				39CF3FB5286E2F5400023F86 /* ImageCell.swift in Sources */,
				39CF3FB0286E200B00023F86 /* CharacterCell.swift in Sources */,
				39D3F01D286D6C04004D0FBE /* LocationModel.swift in Sources */,
				39D3F00A286D58F3004D0FBE /* CharacterSearchApp.swift in Sources */,
				39D3F021286E1B88004D0FBE /* InfoModel.swift in Sources */,
				39D3F01F286E1AAC004D0FBE /* ResponseModel.swift in Sources */,
				39D3F01B286D6B99004D0FBE /* OriginModel.swift in Sources */,
			);
			runOnlyForDeploymentPostprocessing = 0;
		};
/* End PBXSourcesBuildPhase section */

/* Begin XCBuildConfiguration section */
		39D3F012286D58F5004D0FBE /* Debug */ = {
			isa = XCBuildConfiguration;
			buildSettings = {
				ALWAYS_SEARCH_USER_PATHS = NO;
				CLANG_ANALYZER_NONNULL = YES;
				CLANG_ANALYZER_NUMBER_OBJECT_CONVERSION = YES_AGGRESSIVE;
				CLANG_CXX_LANGUAGE_STANDARD = "gnu++17";
				CLANG_ENABLE_MODULES = YES;
				CLANG_ENABLE_OBJC_ARC = YES;
				CLANG_ENABLE_OBJC_WEAK = YES;
				CLANG_WARN_BLOCK_CAPTURE_AUTORELEASING = YES;
				CLANG_WARN_BOOL_CONVERSION = YES;
				CLANG_WARN_COMMA = YES;
				CLANG_WARN_CONSTANT_CONVERSION = YES;
				CLANG_WARN_DEPRECATED_OBJC_IMPLEMENTATIONS = YES;
				CLANG_WARN_DIRECT_OBJC_ISA_USAGE = YES_ERROR;
				CLANG_WARN_DOCUMENTATION_COMMENTS = YES;
				CLANG_WARN_EMPTY_BODY = YES;
				CLANG_WARN_ENUM_CONVERSION = YES;
				CLANG_WARN_INFINITE_RECURSION = YES;
				CLANG_WARN_INT_CONVERSION = YES;
				CLANG_WARN_NON_LITERAL_NULL_CONVERSION = YES;
				CLANG_WARN_OBJC_IMPLICIT_RETAIN_SELF = YES;
				CLANG_WARN_OBJC_LITERAL_CONVERSION = YES;
				CLANG_WARN_OBJC_ROOT_CLASS = YES_ERROR;
				CLANG_WARN_QUOTED_INCLUDE_IN_FRAMEWORK_HEADER = YES;
				CLANG_WARN_RANGE_LOOP_ANALYSIS = YES;
				CLANG_WARN_STRICT_PROTOTYPES = YES;
				CLANG_WARN_SUSPICIOUS_MOVE = YES;
				CLANG_WARN_UNGUARDED_AVAILABILITY = YES_AGGRESSIVE;
				CLANG_WARN_UNREACHABLE_CODE = YES;
				CLANG_WARN__DUPLICATE_METHOD_MATCH = YES;
				COPY_PHASE_STRIP = NO;
				DEBUG_INFORMATION_FORMAT = dwarf;
				ENABLE_STRICT_OBJC_MSGSEND = YES;
				ENABLE_TESTABILITY = YES;
				GCC_C_LANGUAGE_STANDARD = gnu11;
				GCC_DYNAMIC_NO_PIC = NO;
				GCC_NO_COMMON_BLOCKS = YES;
				GCC_OPTIMIZATION_LEVEL = 0;
				GCC_PREPROCESSOR_DEFINITIONS = (
					"DEBUG=1",
					"$(inherited)",
				);
				GCC_WARN_64_TO_32_BIT_CONVERSION = YES;
				GCC_WARN_ABOUT_RETURN_TYPE = YES_ERROR;
				GCC_WARN_UNDECLARED_SELECTOR = YES;
				GCC_WARN_UNINITIALIZED_AUTOS = YES_AGGRESSIVE;
				GCC_WARN_UNUSED_FUNCTION = YES;
				GCC_WARN_UNUSED_VARIABLE = YES;
				IPHONEOS_DEPLOYMENT_TARGET = 15.5;
				MTL_ENABLE_DEBUG_INFO = INCLUDE_SOURCE;
				MTL_FAST_MATH = YES;
				ONLY_ACTIVE_ARCH = YES;
				SDKROOT = iphoneos;
				SWIFT_ACTIVE_COMPILATION_CONDITIONS = DEBUG;
				SWIFT_OPTIMIZATION_LEVEL = "-Onone";
			};
			name = Debug;
		};
		39D3F013286D58F5004D0FBE /* Release */ = {
			isa = XCBuildConfiguration;
			buildSettings = {
				ALWAYS_SEARCH_USER_PATHS = NO;
				CLANG_ANALYZER_NONNULL = YES;
				CLANG_ANALYZER_NUMBER_OBJECT_CONVERSION = YES_AGGRESSIVE;
				CLANG_CXX_LANGUAGE_STANDARD = "gnu++17";
				CLANG_ENABLE_MODULES = YES;
				CLANG_ENABLE_OBJC_ARC = YES;
				CLANG_ENABLE_OBJC_WEAK = YES;
				CLANG_WARN_BLOCK_CAPTURE_AUTORELEASING = YES;
				CLANG_WARN_BOOL_CONVERSION = YES;
				CLANG_WARN_COMMA = YES;
				CLANG_WARN_CONSTANT_CONVERSION = YES;
				CLANG_WARN_DEPRECATED_OBJC_IMPLEMENTATIONS = YES;
				CLANG_WARN_DIRECT_OBJC_ISA_USAGE = YES_ERROR;
				CLANG_WARN_DOCUMENTATION_COMMENTS = YES;
				CLANG_WARN_EMPTY_BODY = YES;
				CLANG_WARN_ENUM_CONVERSION = YES;
				CLANG_WARN_INFINITE_RECURSION = YES;
				CLANG_WARN_INT_CONVERSION = YES;
				CLANG_WARN_NON_LITERAL_NULL_CONVERSION = YES;
				CLANG_WARN_OBJC_IMPLICIT_RETAIN_SELF = YES;
				CLANG_WARN_OBJC_LITERAL_CONVERSION = YES;
				CLANG_WARN_OBJC_ROOT_CLASS = YES_ERROR;
				CLANG_WARN_QUOTED_INCLUDE_IN_FRAMEWORK_HEADER = YES;
				CLANG_WARN_RANGE_LOOP_ANALYSIS = YES;
				CLANG_WARN_STRICT_PROTOTYPES = YES;
				CLANG_WARN_SUSPICIOUS_MOVE = YES;
				CLANG_WARN_UNGUARDED_AVAILABILITY = YES_AGGRESSIVE;
				CLANG_WARN_UNREACHABLE_CODE = YES;
				CLANG_WARN__DUPLICATE_METHOD_MATCH = YES;
				COPY_PHASE_STRIP = NO;
				DEBUG_INFORMATION_FORMAT = "dwarf-with-dsym";
				ENABLE_NS_ASSERTIONS = NO;
				ENABLE_STRICT_OBJC_MSGSEND = YES;
				GCC_C_LANGUAGE_STANDARD = gnu11;
				GCC_NO_COMMON_BLOCKS = YES;
				GCC_WARN_64_TO_32_BIT_CONVERSION = YES;
				GCC_WARN_ABOUT_RETURN_TYPE = YES_ERROR;
				GCC_WARN_UNDECLARED_SELECTOR = YES;
				GCC_WARN_UNINITIALIZED_AUTOS = YES_AGGRESSIVE;
				GCC_WARN_UNUSED_FUNCTION = YES;
				GCC_WARN_UNUSED_VARIABLE = YES;
				IPHONEOS_DEPLOYMENT_TARGET = 15.5;
				MTL_ENABLE_DEBUG_INFO = NO;
				MTL_FAST_MATH = YES;
				SDKROOT = iphoneos;
				SWIFT_COMPILATION_MODE = wholemodule;
				SWIFT_OPTIMIZATION_LEVEL = "-O";
				VALIDATE_PRODUCT = YES;
			};
			name = Release;
		};
		39D3F015286D58F5004D0FBE /* Debug */ = {
			isa = XCBuildConfiguration;
			buildSettings = {
				ASSETCATALOG_COMPILER_APPICON_NAME = AppIcon;
				ASSETCATALOG_COMPILER_GLOBAL_ACCENT_COLOR_NAME = AccentColor;
				CODE_SIGN_STYLE = Automatic;
				CURRENT_PROJECT_VERSION = 1;
				DEVELOPMENT_ASSET_PATHS = "\"CharacterSearch/Preview Content\"";
				DEVELOPMENT_TEAM = 8P5Z32Z62F;
				ENABLE_PREVIEWS = YES;
				GENERATE_INFOPLIST_FILE = YES;
				INFOPLIST_KEY_UIApplicationSceneManifest_Generation = YES;
				INFOPLIST_KEY_UIApplicationSupportsIndirectInputEvents = YES;
				INFOPLIST_KEY_UILaunchScreen_Generation = YES;
				INFOPLIST_KEY_UISupportedInterfaceOrientations_iPad = "UIInterfaceOrientationPortrait UIInterfaceOrientationPortraitUpsideDown UIInterfaceOrientationLandscapeLeft UIInterfaceOrientationLandscapeRight";
				INFOPLIST_KEY_UISupportedInterfaceOrientations_iPhone = "UIInterfaceOrientationPortrait UIInterfaceOrientationLandscapeLeft UIInterfaceOrientationLandscapeRight";
				LD_RUNPATH_SEARCH_PATHS = (
					"$(inherited)",
					"@executable_path/Frameworks",
				);
				MARKETING_VERSION = 1.0;
				PRODUCT_BUNDLE_IDENTIFIER = com.chalimovtimur.CharacterSearch;
				PRODUCT_NAME = "$(TARGET_NAME)";
				SWIFT_EMIT_LOC_STRINGS = YES;
				SWIFT_VERSION = 5.0;
				TARGETED_DEVICE_FAMILY = "1,2";
			};
			name = Debug;
		};
		39D3F016286D58F5004D0FBE /* Release */ = {
			isa = XCBuildConfiguration;
			buildSettings = {
				ASSETCATALOG_COMPILER_APPICON_NAME = AppIcon;
				ASSETCATALOG_COMPILER_GLOBAL_ACCENT_COLOR_NAME = AccentColor;
				CODE_SIGN_STYLE = Automatic;
				CURRENT_PROJECT_VERSION = 1;
				DEVELOPMENT_ASSET_PATHS = "\"CharacterSearch/Preview Content\"";
				DEVELOPMENT_TEAM = 8P5Z32Z62F;
				ENABLE_PREVIEWS = YES;
				GENERATE_INFOPLIST_FILE = YES;
				INFOPLIST_KEY_UIApplicationSceneManifest_Generation = YES;
				INFOPLIST_KEY_UIApplicationSupportsIndirectInputEvents = YES;
				INFOPLIST_KEY_UILaunchScreen_Generation = YES;
				INFOPLIST_KEY_UISupportedInterfaceOrientations_iPad = "UIInterfaceOrientationPortrait UIInterfaceOrientationPortraitUpsideDown UIInterfaceOrientationLandscapeLeft UIInterfaceOrientationLandscapeRight";
				INFOPLIST_KEY_UISupportedInterfaceOrientations_iPhone = "UIInterfaceOrientationPortrait UIInterfaceOrientationLandscapeLeft UIInterfaceOrientationLandscapeRight";
				LD_RUNPATH_SEARCH_PATHS = (
					"$(inherited)",
					"@executable_path/Frameworks",
				);
				MARKETING_VERSION = 1.0;
				PRODUCT_BUNDLE_IDENTIFIER = com.chalimovtimur.CharacterSearch;
				PRODUCT_NAME = "$(TARGET_NAME)";
				SWIFT_EMIT_LOC_STRINGS = YES;
				SWIFT_VERSION = 5.0;
				TARGETED_DEVICE_FAMILY = "1,2";
			};
			name = Release;
		};
/* End XCBuildConfiguration section */

/* Begin XCConfigurationList section */
		39D3F001286D58F3004D0FBE /* Build configuration list for PBXProject "CharacterSearch" */ = {
			isa = XCConfigurationList;
			buildConfigurations = (
				39D3F012286D58F5004D0FBE /* Debug */,
				39D3F013286D58F5004D0FBE /* Release */,
			);
			defaultConfigurationIsVisible = 0;
			defaultConfigurationName = Release;
		};
		39D3F014286D58F5004D0FBE /* Build configuration list for PBXNativeTarget "CharacterSearch" */ = {
			isa = XCConfigurationList;
			buildConfigurations = (
				39D3F015286D58F5004D0FBE /* Debug */,
				39D3F016286D58F5004D0FBE /* Release */,
			);
			defaultConfigurationIsVisible = 0;
			defaultConfigurationName = Release;
		};
/* End XCConfigurationList section */
	};
	rootObject = 39D3EFFE286D58F3004D0FBE /* Project object */;
}
